
Microsoft Visual Studio Solution File, Format Version 12.00
# Visual Studio Version 16
VisualStudioVersion = 16.0.32228.343
MinimumVisualStudioVersion = 10.0.40219.1
Project("{FAE04EC0-301F-11D3-BF4B-00C04F79EFBC}") = "DemoDeployDotnetFrame", "DemoDeployDotnetFrame\DemoDeployDotnetFrame.csproj", "{690ECF19-3C08-4A7A-AEC7-D9D69D6455EB}"
EndProject
Global
	GlobalSection(SolutionConfigurationPlatforms) = preSolution
		Debug|Any CPU = Debug|Any CPU
		Release|Any CPU = Release|Any CPU
	EndGlobalSection
	GlobalSection(ProjectConfigurationPlatforms) = postSolution
		{690ECF19-3C08-4A7A-AEC7-D9D69D6455EB}.Debug|Any CPU.ActiveCfg = Debug|Any CPU
		{690ECF19-3C08-4A7A-AEC7-D9D69D6455EB}.Debug|Any CPU.Build.0 = Debug|Any CPU
		{690ECF19-3C08-4A7A-AEC7-D9D69D6455EB}.Release|Any CPU.ActiveCfg = Release|Any CPU
		{690ECF19-3C08-4A7A-AEC7-D9D69D6455EB}.Release|Any CPU.Build.0 = Release|Any CPU
	EndGlobalSection
	GlobalSection(SolutionProperties) = preSolution
		HideSolutionNode = FALSE
	EndGlobalSection
	GlobalSection(ExtensibilityGlobals) = postSolution
		SolutionGuid = {B19E503D-0C3C-4EA2-B116-D8FB43B224A5}
	EndGlobalSection
EndGlobal
